{
  "version": 1,
  "dependencies": {
    "net10.0-windows7.0": {
      "DalamudPackager": {
        "type": "Direct",
        "requested": "[15.0.0, )",
        "resolved": "15.0.0",
        "contentHash": "411vwC8/X8Z/sQ2TI6v3SvOn66xFPeOjFn3Zn+h0d3Ox2t1kFm66AhDvmx/qcMwVrR+Hidxj0dadpQ2dgyXMBQ=="
      },
      "DotNet.ReproducibleBuilds": {
        "type": "Direct",
        "requested": "[2.0.2, )",
        "resolved": "2.0.2",
        "contentHash": "VaHoEN6YHp0jXucxm67vfuRy8zo9ufiKSuaZ4ZudRi8xmWcEFMKxfCsg2nvYNvdISFTURDu+IHqADGh53+Bamw=="
      },
      "NoireLib": {
        "type": "Direct",
        "requested": "[1.8.0.3, )",
        "resolved": "1.8.0.3",
        "contentHash": "ISm38lwDNff3qWlHAebA3Ha33Ix0WibSsPgWq8DwDPbkdnh+SJJbFsyaOSAqTGy04s6KNm5n1gTiF5rJBipRxQ==",
        "dependencies": {
          "Castle.Core": "5.2.1",
          "Newtonsoft.Json": "13.0.4",
          "System.Data.SQLite": "2.0.3"
        }
      },
      "Castle.Core": {
        "type": "Transitive",
        "resolved": "5.2.1",
        "contentHash": "wHARzQA695jwwKreOzNsq54KiGqKP38tv8hi8e2FXDEC/sA6BtrX90tVPDkOfVu13PbEzr00TCV8coikl+D1Iw==",
        "dependencies": {
          "System.Diagnostics.EventLog": "6.0.0"
        }
      },
      "Newtonsoft.Json": {
        "type": "Transitive",
        "resolved": "13.0.4",
        "contentHash": "pdgNNMai3zv51W5aq268sujXUyx7SNdE2bj1wZcWjAQrKMFZV260lbqYop1d2GM67JI1huLRwxo9ZqnfF/lC6A=="
      },
      "System.Data.SQLite": {
        "type": "Transitive",
        "resolved": "2.0.3",
        "contentHash": "5I9dVqmHp1v0dhco21btIRkUE47zHSy4t6bRLwIO6nGZ1mxGIL1f1yp1zWI/AAZFfdUz7n6RrH1hyi/6EhlIeQ=="
      },
      "System.Diagnostics.EventLog": {
        "type": "Transitive",
        "resolved": "6.0.0",
        "contentHash": "lcyUiXTsETK2ALsZrX+nWuHSIQeazhqPphLfaRxzdGaG93+0kELqpgEHtwWOlQe7+jSFnKwaCAgL4kjeZCQJnw=="
      }
    }
  }
}